{
  "version": "5",
  "specifiers": {
    "jsr:@std/dotenv@*": "0.225.5",
    "jsr:@std/fmt@*": "1.0.7",
    "npm:to-boolean@*": "1.0.0"
  },
  "jsr": {
    "@std/dotenv@0.225.5": {
      "integrity": "9ce6f9d0ec3311f74a32535aa1b8c62ed88b1ab91b7f0815797d77a6f60c922f"
    },
    "@std/fmt@1.0.7": {
      "integrity": "2a727c043d8df62cd0b819b3fb709b64dd622e42c3b1bb817ea7e6cc606360fb"
    }
  },
  "npm": {
    "to-boolean@1.0.0": {
      "integrity": "sha512-6BregB7cU5D+BVONyLbjoOd3dZXWDNyz6GFu+WdTzd5YbLcgFdZFstwsSgEmELmjdWy9U5e38q2sYSlFhka/Lw=="
    }
  },
  "workspace": {
    "dependencies": [
      "jsr:@std/dotenv@*",
      "jsr:@std/fmt@*",
      "npm:to-boolean@*"
    ]
  }
}
